
Microsoft Visual Studio Solution File, Format Version 12.00
# Visual Studio 14
VisualStudioVersion = 14.0.22823.1
MinimumVisualStudioVersion = 10.0.40219.1
Project("{2150E333-8FDC-42A3-9474-1A3956D46DE8}") = "Solution Items", "Solution Items", "{BCF7E879-2BDB-4432-9EB7-94069EA37EBB}"
	ProjectSection(SolutionItems) = preProject
		WE-settings.xml = WE-settings.xml
	EndProjectSection
EndProject
Project("{2150E333-8FDC-42A3-9474-1A3956D46DE8}") = ".nuget", ".nuget", "{3DEC518C-04A2-41A4-BF61-EAE274EEBA93}"
	ProjectSection(SolutionItems) = preProject
		.nuget\NuGet.Config = .nuget\NuGet.Config
		.nuget\NuGet.exe = .nuget\NuGet.exe
		.nuget\NuGet.targets = .nuget\NuGet.targets
	EndProjectSection
EndProject
Project("{FAE04EC0-301F-11D3-BF4B-00C04F79EFBC}") = "llprk.Web.UI", "MvcApplication1\llprk.Web.UI.csproj", "{3F15DB37-4581-4A14-B248-58584DBBC5ED}"
EndProject
Project("{FAE04EC0-301F-11D3-BF4B-00C04F79EFBC}") = "llprk.Tests", "llprk.Tests\llprk.Tests.csproj", "{A6722793-84A0-4D25-9F88-386C19DC4028}"
EndProject
Project("{FAE04EC0-301F-11D3-BF4B-00C04F79EFBC}") = "DotLiquid-2010", "DotLiquid\DotLiquid-2010.csproj", "{429C3908-6AEA-4EE6-9450-06A196DC87DB}"
EndProject
Project("{FAE04EC0-301F-11D3-BF4B-00C04F79EFBC}") = "llprk.Application", "llprk.Application\llprk.Application.csproj", "{A966AE33-2A64-432D-B553-A3C8D6BCC147}"
EndProject
Project("{FAE04EC0-301F-11D3-BF4B-00C04F79EFBC}") = "llprk.DataAccess", "llprk.DataAccess\llprk.DataAccess.csproj", "{2589D591-9C40-41F0-9320-8310E81CFDFF}"
EndProject
Project("{FAE04EC0-301F-11D3-BF4B-00C04F79EFBC}") = "llprk.Application.Test", "llprk.Application.Test\llprk.Application.Test.csproj", "{BA4A897A-6166-4192-8D45-142B4A219A7B}"
EndProject
Global
	GlobalSection(SolutionConfigurationPlatforms) = preSolution
		Debug|Any CPU = Debug|Any CPU
		Release|Any CPU = Release|Any CPU
	EndGlobalSection
	GlobalSection(ProjectConfigurationPlatforms) = postSolution
		{3F15DB37-4581-4A14-B248-58584DBBC5ED}.Debug|Any CPU.ActiveCfg = Debug|Any CPU
		{3F15DB37-4581-4A14-B248-58584DBBC5ED}.Debug|Any CPU.Build.0 = Debug|Any CPU
		{3F15DB37-4581-4A14-B248-58584DBBC5ED}.Release|Any CPU.ActiveCfg = Release|Any CPU
		{3F15DB37-4581-4A14-B248-58584DBBC5ED}.Release|Any CPU.Build.0 = Release|Any CPU
		{A6722793-84A0-4D25-9F88-386C19DC4028}.Debug|Any CPU.ActiveCfg = Debug|Any CPU
		{A6722793-84A0-4D25-9F88-386C19DC4028}.Debug|Any CPU.Build.0 = Debug|Any CPU
		{A6722793-84A0-4D25-9F88-386C19DC4028}.Release|Any CPU.ActiveCfg = Release|Any CPU
		{A6722793-84A0-4D25-9F88-386C19DC4028}.Release|Any CPU.Build.0 = Release|Any CPU
		{429C3908-6AEA-4EE6-9450-06A196DC87DB}.Debug|Any CPU.ActiveCfg = Debug|Any CPU
		{429C3908-6AEA-4EE6-9450-06A196DC87DB}.Debug|Any CPU.Build.0 = Debug|Any CPU
		{429C3908-6AEA-4EE6-9450-06A196DC87DB}.Release|Any CPU.ActiveCfg = Release|Any CPU
		{429C3908-6AEA-4EE6-9450-06A196DC87DB}.Release|Any CPU.Build.0 = Release|Any CPU
		{A966AE33-2A64-432D-B553-A3C8D6BCC147}.Debug|Any CPU.ActiveCfg = Debug|Any CPU
		{A966AE33-2A64-432D-B553-A3C8D6BCC147}.Debug|Any CPU.Build.0 = Debug|Any CPU
		{A966AE33-2A64-432D-B553-A3C8D6BCC147}.Release|Any CPU.ActiveCfg = Release|Any CPU
		{A966AE33-2A64-432D-B553-A3C8D6BCC147}.Release|Any CPU.Build.0 = Release|Any CPU
		{2589D591-9C40-41F0-9320-8310E81CFDFF}.Debug|Any CPU.ActiveCfg = Debug|Any CPU
		{2589D591-9C40-41F0-9320-8310E81CFDFF}.Debug|Any CPU.Build.0 = Debug|Any CPU
		{2589D591-9C40-41F0-9320-8310E81CFDFF}.Release|Any CPU.ActiveCfg = Release|Any CPU
		{2589D591-9C40-41F0-9320-8310E81CFDFF}.Release|Any CPU.Build.0 = Release|Any CPU
		{BA4A897A-6166-4192-8D45-142B4A219A7B}.Debug|Any CPU.ActiveCfg = Debug|Any CPU
		{BA4A897A-6166-4192-8D45-142B4A219A7B}.Debug|Any CPU.Build.0 = Debug|Any CPU
		{BA4A897A-6166-4192-8D45-142B4A219A7B}.Release|Any CPU.ActiveCfg = Release|Any CPU
		{BA4A897A-6166-4192-8D45-142B4A219A7B}.Release|Any CPU.Build.0 = Release|Any CPU
	EndGlobalSection
	GlobalSection(SolutionProperties) = preSolution
		HideSolutionNode = FALSE
	EndGlobalSection
EndGlobal
